
Microsoft Visual Studio Solution File, Format Version 12.00
# Visual Studio Version 16
VisualStudioVersion = 16.0.31205.134
MinimumVisualStudioVersion = 10.0.40219.1
Project("{FAE04EC0-301F-11D3-BF4B-00C04F79EFBC}") = "Calculator", "Calculator\Calculator.csproj", "{47834D66-7240-4798-B96A-9074909A4CD9}"
EndProject
Global
	GlobalSection(SolutionConfigurationPlatforms) = preSolution
		Debug|Any CPU = Debug|Any CPU
		Release|Any CPU = Release|Any CPU
	EndGlobalSection
	GlobalSection(ProjectConfigurationPlatforms) = postSolution
		{47834D66-7240-4798-B96A-9074909A4CD9}.Debug|Any CPU.ActiveCfg = Debug|Any CPU
		{47834D66-7240-4798-B96A-9074909A4CD9}.Debug|Any CPU.Build.0 = Debug|Any CPU
		{47834D66-7240-4798-B96A-9074909A4CD9}.Release|Any CPU.ActiveCfg = Release|Any CPU
		{47834D66-7240-4798-B96A-9074909A4CD9}.Release|Any CPU.Build.0 = Release|Any CPU
	EndGlobalSection
	GlobalSection(SolutionProperties) = preSolution
		HideSolutionNode = FALSE
	EndGlobalSection
	GlobalSection(ExtensibilityGlobals) = postSolution
		SolutionGuid = {2A9ADCE3-A618-4088-BB24-FD31AD6C10EE}
	EndGlobalSection
EndGlobal
